{
  "name": "fusion-form",
  "version": "0.0.1",
  "lockfileVersion": 1,
  "requires": true,
  "dependencies": {
    "fusion-reactive": {
      "version": "0.0.1"
    },
    "fusion-utils": {
      "version": "0.0.1",
      "requires": {
        "camel-case": "^4.1.1",
        "fusion-path": "0.0.1",
        "lower-case": "^2.0.1",
        "no-case": "^3.0.4",
        "param-case": "^3.0.4",
        "pascal-case": "^3.1.1",
        "upper-case": "^2.0.1"
      },
      "dependencies": {
        "camel-case": {
          "version": "4.1.2",
          "requires": {
            "pascal-case": "^3.1.2",
            "tslib": "^2.0.3"
          },
          "dependencies": {
            "lower-case": {
              "version": "2.0.2",
              "resolved": "https://registry.npmmirror.com/lower-case/-/lower-case-2.0.2.tgz",
              "integrity": "sha512-7fm3l3NAF9WfN6W3JOmf5drwpVqX78JtoGJ3A6W0a6ZnldM41w2fV5D490psKFTpMds8TJse/eHLFFsNHHjHgg==",
              "requires": {
                "tslib": "^2.0.3"
              }
            },
            "no-case": {
              "version": "3.0.4",
              "resolved": "https://registry.npmmirror.com/no-case/-/no-case-3.0.4.tgz",
              "integrity": "sha512-fgAN3jGAh+RoxUGZHTSOLJIqUc2wmoBwGR4tbpNAKmmovFoWq0OdRkb0VkldReO2a2iBT/OEulG9XSUc10r3zg==",
              "requires": {
                "lower-case": "^2.0.2",
                "tslib": "^2.0.3"
              }
            },
            "pascal-case": {
              "version": "3.1.2",
              "resolved": "https://registry.npmmirror.com/pascal-case/-/pascal-case-3.1.2.tgz",
              "integrity": "sha512-uWlGT3YSnK9x3BQJaOdcZwrnV6hPpd8jFH1/ucpiLRPh/2zCVJKS19E4GvYHvaCcACn3foXZ0cLB9Wrx1KGe5g==",
              "requires": {
                "no-case": "^3.0.4",
                "tslib": "^2.0.3"
              }
            },
            "tslib": {
              "version": "2.4.1",
              "resolved": "https://registry.npmmirror.com/tslib/-/tslib-2.4.1.tgz",
              "integrity": "sha512-tGyy4dAjRIEwI7BzsB0lynWgOpfqjUdq91XXAlIWD2OwKBH7oCl/GZG/HT4BOHrTlPMOASlMQ7veyTqpmRcrNA=="
            }
          }
        },
        "fusion-path": {
          "version": "0.0.1"
        },
        "lower-case": {
          "version": "2.0.2",
          "requires": {
            "tslib": "^2.0.3"
          },
          "dependencies": {
            "tslib": {
              "version": "2.4.1",
              "resolved": "https://registry.npmmirror.com/tslib/-/tslib-2.4.1.tgz",
              "integrity": "sha512-tGyy4dAjRIEwI7BzsB0lynWgOpfqjUdq91XXAlIWD2OwKBH7oCl/GZG/HT4BOHrTlPMOASlMQ7veyTqpmRcrNA=="
            }
          }
        },
        "no-case": {
          "version": "3.0.4",
          "requires": {
            "lower-case": "^2.0.2",
            "tslib": "^2.0.3"
          },
          "dependencies": {
            "lower-case": {
              "version": "2.0.2",
              "resolved": "https://registry.npmmirror.com/lower-case/-/lower-case-2.0.2.tgz",
              "integrity": "sha512-7fm3l3NAF9WfN6W3JOmf5drwpVqX78JtoGJ3A6W0a6ZnldM41w2fV5D490psKFTpMds8TJse/eHLFFsNHHjHgg==",
              "requires": {
                "tslib": "^2.0.3"
              }
            },
            "tslib": {
              "version": "2.4.1",
              "resolved": "https://registry.npmmirror.com/tslib/-/tslib-2.4.1.tgz",
              "integrity": "sha512-tGyy4dAjRIEwI7BzsB0lynWgOpfqjUdq91XXAlIWD2OwKBH7oCl/GZG/HT4BOHrTlPMOASlMQ7veyTqpmRcrNA=="
            }
          }
        },
        "param-case": {
          "version": "3.0.4",
          "requires": {
            "dot-case": "^3.0.4",
            "tslib": "^2.0.3"
          },
          "dependencies": {
            "dot-case": {
              "version": "3.0.4",
              "resolved": "https://registry.npmmirror.com/dot-case/-/dot-case-3.0.4.tgz",
              "integrity": "sha512-Kv5nKlh6yRrdrGvxeJ2e5y2eRUpkUosIW4A2AS38zwSz27zu7ufDwQPi5Jhs3XAlGNetl3bmnGhQsMtkKJnj3w==",
              "requires": {
                "no-case": "^3.0.4",
                "tslib": "^2.0.3"
              }
            },
            "lower-case": {
              "version": "2.0.2",
              "resolved": "https://registry.npmmirror.com/lower-case/-/lower-case-2.0.2.tgz",
              "integrity": "sha512-7fm3l3NAF9WfN6W3JOmf5drwpVqX78JtoGJ3A6W0a6ZnldM41w2fV5D490psKFTpMds8TJse/eHLFFsNHHjHgg==",
              "requires": {
                "tslib": "^2.0.3"
              }
            },
            "no-case": {
              "version": "3.0.4",
              "resolved": "https://registry.npmmirror.com/no-case/-/no-case-3.0.4.tgz",
              "integrity": "sha512-fgAN3jGAh+RoxUGZHTSOLJIqUc2wmoBwGR4tbpNAKmmovFoWq0OdRkb0VkldReO2a2iBT/OEulG9XSUc10r3zg==",
              "requires": {
                "lower-case": "^2.0.2",
                "tslib": "^2.0.3"
              }
            },
            "tslib": {
              "version": "2.4.1",
              "resolved": "https://registry.npmmirror.com/tslib/-/tslib-2.4.1.tgz",
              "integrity": "sha512-tGyy4dAjRIEwI7BzsB0lynWgOpfqjUdq91XXAlIWD2OwKBH7oCl/GZG/HT4BOHrTlPMOASlMQ7veyTqpmRcrNA=="
            }
          }
        },
        "pascal-case": {
          "version": "3.1.2",
          "requires": {
            "no-case": "^3.0.4",
            "tslib": "^2.0.3"
          },
          "dependencies": {
            "lower-case": {
              "version": "2.0.2",
              "resolved": "https://registry.npmmirror.com/lower-case/-/lower-case-2.0.2.tgz",
              "integrity": "sha512-7fm3l3NAF9WfN6W3JOmf5drwpVqX78JtoGJ3A6W0a6ZnldM41w2fV5D490psKFTpMds8TJse/eHLFFsNHHjHgg==",
              "requires": {
                "tslib": "^2.0.3"
              }
            },
            "no-case": {
              "version": "3.0.4",
              "resolved": "https://registry.npmmirror.com/no-case/-/no-case-3.0.4.tgz",
              "integrity": "sha512-fgAN3jGAh+RoxUGZHTSOLJIqUc2wmoBwGR4tbpNAKmmovFoWq0OdRkb0VkldReO2a2iBT/OEulG9XSUc10r3zg==",
              "requires": {
                "lower-case": "^2.0.2",
                "tslib": "^2.0.3"
              }
            },
            "tslib": {
              "version": "2.4.1",
              "resolved": "https://registry.npmmirror.com/tslib/-/tslib-2.4.1.tgz",
              "integrity": "sha512-tGyy4dAjRIEwI7BzsB0lynWgOpfqjUdq91XXAlIWD2OwKBH7oCl/GZG/HT4BOHrTlPMOASlMQ7veyTqpmRcrNA=="
            }
          }
        },
        "upper-case": {
          "version": "2.0.2",
          "requires": {
            "tslib": "^2.0.3"
          },
          "dependencies": {
            "tslib": {
              "version": "2.4.1",
              "resolved": "https://registry.npmmirror.com/tslib/-/tslib-2.4.1.tgz",
              "integrity": "sha512-tGyy4dAjRIEwI7BzsB0lynWgOpfqjUdq91XXAlIWD2OwKBH7oCl/GZG/HT4BOHrTlPMOASlMQ7veyTqpmRcrNA=="
            }
          }
        }
      }
    },
    "fusion-validator": {
      "version": "0.0.1",
      "requires": {
        "fusion-utils": "0.0.1"
      },
      "dependencies": {
        "fusion-utils": {
          "version": "0.0.1",
          "requires": {
            "camel-case": "^4.1.1",
            "fusion-path": "0.0.1",
            "lower-case": "^2.0.1",
            "no-case": "^3.0.4",
            "param-case": "^3.0.4",
            "pascal-case": "^3.1.1",
            "upper-case": "^2.0.1"
          },
          "dependencies": {
            "camel-case": {
              "version": "4.1.2",
              "requires": {
                "pascal-case": "^3.1.2",
                "tslib": "^2.0.3"
              },
              "dependencies": {}
            },
            "fusion-path": {
              "version": "0.0.1"
            },
            "lower-case": {
              "version": "2.0.2",
              "requires": {
                "tslib": "^2.0.3"
              },
              "dependencies": {}
            },
            "no-case": {
              "version": "3.0.4",
              "requires": {
                "lower-case": "^2.0.2",
                "tslib": "^2.0.3"
              },
              "dependencies": {}
            },
            "param-case": {
              "version": "3.0.4",
              "requires": {
                "dot-case": "^3.0.4",
                "tslib": "^2.0.3"
              },
              "dependencies": {}
            },
            "pascal-case": {
              "version": "3.1.2",
              "requires": {
                "no-case": "^3.0.4",
                "tslib": "^2.0.3"
              },
              "dependencies": {}
            },
            "upper-case": {
              "version": "2.0.2",
              "requires": {
                "tslib": "^2.0.3"
              },
              "dependencies": {}
            }
          }
        }
      }
    }
  }
}
